
Microsoft Visual Studio Solution File, Format Version 12.00
# Visual Studio Version 16
VisualStudioVersion = 16.0.31624.102
MinimumVisualStudioVersion = 10.0.40219.1
Project("{FAE04EC0-301F-11D3-BF4B-00C04F79EFBC}") = "Encounter Me", "Encounter Me\Encounter Me.csproj", "{6CDC5C78-FB8B-4413-BA5C-7203A2DA8453}"
EndProject
Global
	GlobalSection(SolutionConfigurationPlatforms) = preSolution
		Debug|Any CPU = Debug|Any CPU
		Release|Any CPU = Release|Any CPU
	EndGlobalSection
	GlobalSection(ProjectConfigurationPlatforms) = postSolution
		{6CDC5C78-FB8B-4413-BA5C-7203A2DA8453}.Debug|Any CPU.ActiveCfg = Debug|Any CPU
		{6CDC5C78-FB8B-4413-BA5C-7203A2DA8453}.Debug|Any CPU.Build.0 = Debug|Any CPU
		{6CDC5C78-FB8B-4413-BA5C-7203A2DA8453}.Release|Any CPU.ActiveCfg = Release|Any CPU
		{6CDC5C78-FB8B-4413-BA5C-7203A2DA8453}.Release|Any CPU.Build.0 = Release|Any CPU
	EndGlobalSection
	GlobalSection(SolutionProperties) = preSolution
		HideSolutionNode = FALSE
	EndGlobalSection
	GlobalSection(ExtensibilityGlobals) = postSolution
		SolutionGuid = {508D18C6-48FC-4E85-834E-DBCAE0A6733D}
	EndGlobalSection
EndGlobal
